
Microsoft Visual Studio Solution File, Format Version 12.00
# Visual Studio 2015
Project("{FAE04EC0-301F-11D3-BF4B-00C04F79EFBC}") = "PresentationCarrousel", "PresentationCarrousel.csproj", "{C4276BBF-C7F8-B2E1-76B7-33CCBE195FCD}"
EndProject
Global
	GlobalSection(SolutionConfigurationPlatforms) = preSolution
		Debug|Any CPU = Debug|Any CPU
		Release|Any CPU = Release|Any CPU
	EndGlobalSection
	GlobalSection(ProjectConfigurationPlatforms) = postSolution
		{C4276BBF-C7F8-B2E1-76B7-33CCBE195FCD}.Debug|Any CPU.ActiveCfg = Debug|Any CPU
		{C4276BBF-C7F8-B2E1-76B7-33CCBE195FCD}.Debug|Any CPU.Build.0 = Debug|Any CPU
		{C4276BBF-C7F8-B2E1-76B7-33CCBE195FCD}.Release|Any CPU.ActiveCfg = Release|Any CPU
		{C4276BBF-C7F8-B2E1-76B7-33CCBE195FCD}.Release|Any CPU.Build.0 = Release|Any CPU
	EndGlobalSection
	GlobalSection(SolutionProperties) = preSolution
		HideSolutionNode = FALSE
	EndGlobalSection
EndGlobal
